// !$*UTF8*$!
{
	archiveVersion = 1;
	classes = {
	};
	objectVersion = 46;
	objects = {

/* Begin PBXBuildFile section */
		3E55FA531B73456800902907 /* AppDelegate.swift in Sources */ = {isa = PBXBuildFile; fileRef = 3E55FA521B73456800902907 /* AppDelegate.swift */; };
		3E55FA551B73456800902907 /* ViewController.swift in Sources */ = {isa = PBXBuildFile; fileRef = 3E55FA541B73456800902907 /* ViewController.swift */; };
		3E55FA581B73456800902907 /* Main.storyboard in Resources */ = {isa = PBXBuildFile; fileRef = 3E55FA561B73456800902907 /* Main.storyboard */; };
		3E55FA5A1B73456800902907 /* Assets.xcassets in Resources */ = {isa = PBXBuildFile; fileRef = 3E55FA591B73456800902907 /* Assets.xcassets */; };
		3E55FA5D1B73456800902907 /* LaunchScreen.storyboard in Resources */ = {isa = PBXBuildFile; fileRef = 3E55FA5B1B73456800902907 /* LaunchScreen.storyboard */; };
		3E55FA681B73456900902907 /* Layout2UIViewsTests.swift in Sources */ = {isa = PBXBuildFile; fileRef = 3E55FA671B73456900902907 /* Layout2UIViewsTests.swift */; };
		3E55FA731B73456900902907 /* Layout2UIViewsUITests.swift in Sources */ = {isa = PBXBuildFile; fileRef = 3E55FA721B73456900902907 /* Layout2UIViewsUITests.swift */; };
/* End PBXBuildFile section */

/* Begin PBXContainerItemProxy section */
		3E55FA641B73456900902907 /* PBXContainerItemProxy */ = {
			isa = PBXContainerItemProxy;
			containerPortal = 3E55FA471B73456800902907 /* Project object */;
			proxyType = 1;
			remoteGlobalIDString = 3E55FA4E1B73456800902907;
			remoteInfo = Layout2UIViews;
		};
		3E55FA6F1B73456900902907 /* PBXContainerItemProxy */ = {
			isa = PBXContainerItemProxy;
			containerPortal = 3E55FA471B73456800902907 /* Project object */;
			proxyType = 1;
			remoteGlobalIDString = 3E55FA4E1B73456800902907;
			remoteInfo = Layout2UIViews;
		};
/* End PBXContainerItemProxy section */

/* Begin PBXFileReference section */
		3E55FA4F1B73456800902907 /* Layout2UIViews.app */ = {isa = PBXFileReference; explicitFileType = wrapper.application; includeInIndex = 0; path = Layout2UIViews.app; sourceTree = BUILT_PRODUCTS_DIR; };
		3E55FA521B73456800902907 /* AppDelegate.swift */ = {isa = PBXFileReference; lastKnownFileType = sourcecode.swift; path = AppDelegate.swift; sourceTree = "<group>"; };
		3E55FA541B73456800902907 /* ViewController.swift */ = {isa = PBXFileReference; lastKnownFileType = sourcecode.swift; path = ViewController.swift; sourceTree = "<group>"; };
		3E55FA571B73456800902907 /* Base */ = {isa = PBXFileReference; lastKnownFileType = file.storyboard; name = Base; path = Base.lproj/Main.storyboard; sourceTree = "<group>"; };
		3E55FA591B73456800902907 /* Assets.xcassets */ = {isa = PBXFileReference; lastKnownFileType = folder.assetcatalog; path = Assets.xcassets; sourceTree = "<group>"; };
		3E55FA5C1B73456800902907 /* Base */ = {isa = PBXFileReference; lastKnownFileType = file.storyboard; name = Base; path = Base.lproj/LaunchScreen.storyboard; sourceTree = "<group>"; };
		3E55FA5E1B73456800902907 /* Info.plist */ = {isa = PBXFileReference; lastKnownFileType = text.plist.xml; path = Info.plist; sourceTree = "<group>"; };
		3E55FA631B73456900902907 /* Layout2UIViewsTests.xctest */ = {isa = PBXFileReference; explicitFileType = wrapper.cfbundle; includeInIndex = 0; path = Layout2UIViewsTests.xctest; sourceTree = BUILT_PRODUCTS_DIR; };
		3E55FA671B73456900902907 /* Layout2UIViewsTests.swift */ = {isa = PBXFileReference; lastKnownFileType = sourcecode.swift; path = Layout2UIViewsTests.swift; sourceTree = "<group>"; };
		3E55FA691B73456900902907 /* Info.plist */ = {isa = PBXFileReference; lastKnownFileType = text.plist.xml; path = Info.plist; sourceTree = "<group>"; };
		3E55FA6E1B73456900902907 /* Layout2UIViewsUITests.xctest */ = {isa = PBXFileReference; explicitFileType = wrapper.cfbundle; includeInIndex = 0; path = Layout2UIViewsUITests.xctest; sourceTree = BUILT_PRODUCTS_DIR; };
		3E55FA721B73456900902907 /* Layout2UIViewsUITests.swift */ = {isa = PBXFileReference; lastKnownFileType = sourcecode.swift; path = Layout2UIViewsUITests.swift; sourceTree = "<group>"; };
		3E55FA741B73456900902907 /* Info.plist */ = {isa = PBXFileReference; lastKnownFileType = text.plist.xml; path = Info.plist; sourceTree = "<group>"; };
/* End PBXFileReference section */

/* Begin PBXFrameworksBuildPhase section */
		3E55FA4C1B73456800902907 /* Frameworks */ = {
			isa = PBXFrameworksBuildPhase;
			buildActionMask = 2147483647;
			files = (
			);
			runOnlyForDeploymentPostprocessing = 0;
		};
		3E55FA601B73456900902907 /* Frameworks */ = {
			isa = PBXFrameworksBuildPhase;
			buildActionMask = 2147483647;
			files = (
			);
			runOnlyForDeploymentPostprocessing = 0;
		};
		3E55FA6B1B73456900902907 /* Frameworks */ = {
			isa = PBXFrameworksBuildPhase;
			buildActionMask = 2147483647;
			files = (
			);
			runOnlyForDeploymentPostprocessing = 0;
		};
/* End PBXFrameworksBuildPhase section */

/* Begin PBXGroup section */
		3E55FA461B73456800902907 = {
			isa = PBXGroup;
			children = (
				3E55FA511B73456800902907 /* Layout2UIViews */,
				3E55FA661B73456900902907 /* Layout2UIViewsTests */,
				3E55FA711B73456900902907 /* Layout2UIViewsUITests */,
				3E55FA501B73456800902907 /* Products */,
			);
			sourceTree = "<group>";
		};
		3E55FA501B73456800902907 /* Products */ = {
			isa = PBXGroup;
			children = (
				3E55FA4F1B73456800902907 /* Layout2UIViews.app */,
				3E55FA631B73456900902907 /* Layout2UIViewsTests.xctest */,
				3E55FA6E1B73456900902907 /* Layout2UIViewsUITests.xctest */,
			);
			name = Products;
			sourceTree = "<group>";
		};
		3E55FA511B73456800902907 /* Layout2UIViews */ = {
			isa = PBXGroup;
			children = (
				3E55FA521B73456800902907 /* AppDelegate.swift */,
				3E55FA541B73456800902907 /* ViewController.swift */,
				3E55FA561B73456800902907 /* Main.storyboard */,
				3E55FA591B73456800902907 /* Assets.xcassets */,
				3E55FA5B1B73456800902907 /* LaunchScreen.storyboard */,
				3E55FA5E1B73456800902907 /* Info.plist */,
			);
			path = Layout2UIViews;
			sourceTree = "<group>";
		};
		3E55FA661B73456900902907 /* Layout2UIViewsTests */ = {
			isa = PBXGroup;
			children = (
				3E55FA671B73456900902907 /* Layout2UIViewsTests.swift */,
				3E55FA691B73456900902907 /* Info.plist */,
			);
			path = Layout2UIViewsTests;
			sourceTree = "<group>";
		};
		3E55FA711B73456900902907 /* Layout2UIViewsUITests */ = {
			isa = PBXGroup;
			children = (
				3E55FA721B73456900902907 /* Layout2UIViewsUITests.swift */,
				3E55FA741B73456900902907 /* Info.plist */,
			);
			path = Layout2UIViewsUITests;
			sourceTree = "<group>";
		};
/* End PBXGroup section */

/* Begin PBXNativeTarget section */
		3E55FA4E1B73456800902907 /* Layout2UIViews */ = {
			isa = PBXNativeTarget;
			buildConfigurationList = 3E55FA771B73456900902907 /* Build configuration list for PBXNativeTarget "Layout2UIViews" */;
			buildPhases = (
				3E55FA4B1B73456800902907 /* Sources */,
				3E55FA4C1B73456800902907 /* Frameworks */,
				3E55FA4D1B73456800902907 /* Resources */,
			);
			buildRules = (
			);
			dependencies = (
			);
			name = Layout2UIViews;
			productName = Layout2UIViews;
			productReference = 3E55FA4F1B73456800902907 /* Layout2UIViews.app */;
			productType = "com.apple.product-type.application";
		};
		3E55FA621B73456900902907 /* Layout2UIViewsTests */ = {
			isa = PBXNativeTarget;
			buildConfigurationList = 3E55FA7A1B73456900902907 /* Build configuration list for PBXNativeTarget "Layout2UIViewsTests" */;
			buildPhases = (
				3E55FA5F1B73456900902907 /* Sources */,
				3E55FA601B73456900902907 /* Frameworks */,
				3E55FA611B73456900902907 /* Resources */,
			);
			buildRules = (
			);
			dependencies = (
				3E55FA651B73456900902907 /* PBXTargetDependency */,
			);
			name = Layout2UIViewsTests;
			productName = Layout2UIViewsTests;
			productReference = 3E55FA631B73456900902907 /* Layout2UIViewsTests.xctest */;
			productType = "com.apple.product-type.bundle.unit-test";
		};
		3E55FA6D1B73456900902907 /* Layout2UIViewsUITests */ = {
			isa = PBXNativeTarget;
			buildConfigurationList = 3E55FA7D1B73456900902907 /* Build configuration list for PBXNativeTarget "Layout2UIViewsUITests" */;
			buildPhases = (
				3E55FA6A1B73456900902907 /* Sources */,
				3E55FA6B1B73456900902907 /* Frameworks */,
				3E55FA6C1B73456900902907 /* Resources */,
			);
			buildRules = (
			);
			dependencies = (
				3E55FA701B73456900902907 /* PBXTargetDependency */,
			);
			name = Layout2UIViewsUITests;
			productName = Layout2UIViewsUITests;
			productReference = 3E55FA6E1B73456900902907 /* Layout2UIViewsUITests.xctest */;
			productType = "com.apple.product-type.bundle.ui-testing";
		};
/* End PBXNativeTarget section */

/* Begin PBXProject section */
		3E55FA471B73456800902907 /* Project object */ = {
			isa = PBXProject;
			attributes = {
				LastUpgradeCheck = 0700;
				ORGANIZATIONNAME = "Hello HQ Pte. Ltd.";
				TargetAttributes = {
					3E55FA4E1B73456800902907 = {
						CreatedOnToolsVersion = 7.0;
					};
					3E55FA621B73456900902907 = {
						CreatedOnToolsVersion = 7.0;
						TestTargetID = 3E55FA4E1B73456800902907;
					};
					3E55FA6D1B73456900902907 = {
						CreatedOnToolsVersion = 7.0;
						TestTargetID = 3E55FA4E1B73456800902907;
					};
				};
			};
			buildConfigurationList = 3E55FA4A1B73456800902907 /* Build configuration list for PBXProject "Layout2UIViews" */;
			compatibilityVersion = "Xcode 3.2";
			developmentRegion = English;
			hasScannedForEncodings = 0;
			knownRegions = (
				en,
				Base,
			);
			mainGroup = 3E55FA461B73456800902907;
			productRefGroup = 3E55FA501B73456800902907 /* Products */;
			projectDirPath = "";
			projectRoot = "";
			targets = (
				3E55FA4E1B73456800902907 /* Layout2UIViews */,
				3E55FA621B73456900902907 /* Layout2UIViewsTests */,
				3E55FA6D1B73456900902907 /* Layout2UIViewsUITests */,
			);
		};
/* End PBXProject section */

/* Begin PBXResourcesBuildPhase section */
		3E55FA4D1B73456800902907 /* Resources */ = {
			isa = PBXResourcesBuildPhase;
			buildActionMask = 2147483647;
			files = (
				3E55FA5D1B73456800902907 /* LaunchScreen.storyboard in Resources */,
				3E55FA5A1B73456800902907 /* Assets.xcassets in Resources */,
				3E55FA581B73456800902907 /* Main.storyboard in Resources */,
			);
			runOnlyForDeploymentPostprocessing = 0;
		};
		3E55FA611B73456900902907 /* Resources */ = {
			isa = PBXResourcesBuildPhase;
			buildActionMask = 2147483647;
			files = (
			);
			runOnlyForDeploymentPostprocessing = 0;
		};
		3E55FA6C1B73456900902907 /* Resources */ = {
			isa = PBXResourcesBuildPhase;
			buildActionMask = 2147483647;
			files = (
			);
			runOnlyForDeploymentPostprocessing = 0;
		};
/* End PBXResourcesBuildPhase section */

/* Begin PBXSourcesBuildPhase section */
		3E55FA4B1B73456800902907 /* Sources */ = {
			isa = PBXSourcesBuildPhase;
			buildActionMask = 2147483647;
			files = (
				3E55FA551B73456800902907 /* ViewController.swift in Sources */,
				3E55FA531B73456800902907 /* AppDelegate.swift in Sources */,
			);
			runOnlyForDeploymentPostprocessing = 0;
		};
		3E55FA5F1B73456900902907 /* Sources */ = {
			isa = PBXSourcesBuildPhase;
			buildActionMask = 2147483647;
			files = (
				3E55FA681B73456900902907 /* Layout2UIViewsTests.swift in Sources */,
			);
			runOnlyForDeploymentPostprocessing = 0;
		};
		3E55FA6A1B73456900902907 /* Sources */ = {
			isa = PBXSourcesBuildPhase;
			buildActionMask = 2147483647;
			files = (
				3E55FA731B73456900902907 /* Layout2UIViewsUITests.swift in Sources */,
			);
			runOnlyForDeploymentPostprocessing = 0;
		};
/* End PBXSourcesBuildPhase section */

/* Begin PBXTargetDependency section */
		3E55FA651B73456900902907 /* PBXTargetDependency */ = {
			isa = PBXTargetDependency;
			target = 3E55FA4E1B73456800902907 /* Layout2UIViews */;
			targetProxy = 3E55FA641B73456900902907 /* PBXContainerItemProxy */;
		};
		3E55FA701B73456900902907 /* PBXTargetDependency */ = {
			isa = PBXTargetDependency;
			target = 3E55FA4E1B73456800902907 /* Layout2UIViews */;
			targetProxy = 3E55FA6F1B73456900902907 /* PBXContainerItemProxy */;
		};
/* End PBXTargetDependency section */

/* Begin PBXVariantGroup section */
		3E55FA561B73456800902907 /* Main.storyboard */ = {
			isa = PBXVariantGroup;
			children = (
				3E55FA571B73456800902907 /* Base */,
			);
			name = Main.storyboard;
			sourceTree = "<group>";
		};
		3E55FA5B1B73456800902907 /* LaunchScreen.storyboard */ = {
			isa = PBXVariantGroup;
			children = (
				3E55FA5C1B73456800902907 /* Base */,
			);
			name = LaunchScreen.storyboard;
			sourceTree = "<group>";
		};
/* End PBXVariantGroup section */

/* Begin XCBuildConfiguration section */
		3E55FA751B73456900902907 /* Debug */ = {
			isa = XCBuildConfiguration;
			buildSettings = {
				ALWAYS_SEARCH_USER_PATHS = NO;
				CLANG_CXX_LANGUAGE_STANDARD = "gnu++0x";
				CLANG_CXX_LIBRARY = "libc++";
				CLANG_ENABLE_MODULES = YES;
				CLANG_ENABLE_OBJC_ARC = YES;
				CLANG_WARN_BOOL_CONVERSION = YES;
				CLANG_WARN_CONSTANT_CONVERSION = YES;
				CLANG_WARN_DIRECT_OBJC_ISA_USAGE = YES_ERROR;
				CLANG_WARN_EMPTY_BODY = YES;
				CLANG_WARN_ENUM_CONVERSION = YES;
				CLANG_WARN_INT_CONVERSION = YES;
				CLANG_WARN_OBJC_ROOT_CLASS = YES_ERROR;
				CLANG_WARN_UNREACHABLE_CODE = YES;
				CLANG_WARN__DUPLICATE_METHOD_MATCH = YES;
				"CODE_SIGN_IDENTITY[sdk=iphoneos*]" = "iPhone Developer";
				COPY_PHASE_STRIP = NO;
				DEBUG_INFORMATION_FORMAT = dwarf;
				ENABLE_STRICT_OBJC_MSGSEND = YES;
				ENABLE_TESTABILITY = YES;
				GCC_C_LANGUAGE_STANDARD = gnu99;
				GCC_DYNAMIC_NO_PIC = NO;
				GCC_NO_COMMON_BLOCKS = YES;
				GCC_OPTIMIZATION_LEVEL = 0;
				GCC_PREPROCESSOR_DEFINITIONS = (
					"DEBUG=1",
					"$(inherited)",
				);
				GCC_WARN_64_TO_32_BIT_CONVERSION = YES;
				GCC_WARN_ABOUT_RETURN_TYPE = YES_ERROR;
				GCC_WARN_UNDECLARED_SELECTOR = YES;
				GCC_WARN_UNINITIALIZED_AUTOS = YES_AGGRESSIVE;
				GCC_WARN_UNUSED_FUNCTION = YES;
				GCC_WARN_UNUSED_VARIABLE = YES;
				IPHONEOS_DEPLOYMENT_TARGET = 9.0;
				MTL_ENABLE_DEBUG_INFO = YES;
				ONLY_ACTIVE_ARCH = YES;
				SDKROOT = iphoneos;
				SWIFT_OPTIMIZATION_LEVEL = "-Onone";
				TARGETED_DEVICE_FAMILY = "1,2";
			};
			name = Debug;
		};
		3E55FA761B73456900902907 /* Release */ = {
			isa = XCBuildConfiguration;
			buildSettings = {
				ALWAYS_SEARCH_USER_PATHS = NO;
				CLANG_CXX_LANGUAGE_STANDARD = "gnu++0x";
				CLANG_CXX_LIBRARY = "libc++";
				CLANG_ENABLE_MODULES = YES;
				CLANG_ENABLE_OBJC_ARC = YES;
				CLANG_WARN_BOOL_CONVERSION = YES;
				CLANG_WARN_CONSTANT_CONVERSION = YES;
				CLANG_WARN_DIRECT_OBJC_ISA_USAGE = YES_ERROR;
				CLANG_WARN_EMPTY_BODY = YES;
				CLANG_WARN_ENUM_CONVERSION = YES;
				CLANG_WARN_INT_CONVERSION = YES;
				CLANG_WARN_OBJC_ROOT_CLASS = YES_ERROR;
				CLANG_WARN_UNREACHABLE_CODE = YES;
				CLANG_WARN__DUPLICATE_METHOD_MATCH = YES;
				"CODE_SIGN_IDENTITY[sdk=iphoneos*]" = "iPhone Developer";
				COPY_PHASE_STRIP = NO;
				DEBUG_INFORMATION_FORMAT = "dwarf-with-dsym";
				ENABLE_NS_ASSERTIONS = NO;
				ENABLE_STRICT_OBJC_MSGSEND = YES;
				GCC_C_LANGUAGE_STANDARD = gnu99;
				GCC_NO_COMMON_BLOCKS = YES;
				GCC_WARN_64_TO_32_BIT_CONVERSION = YES;
				GCC_WARN_ABOUT_RETURN_TYPE = YES_ERROR;
				GCC_WARN_UNDECLARED_SELECTOR = YES;
				GCC_WARN_UNINITIALIZED_AUTOS = YES_AGGRESSIVE;
				GCC_WARN_UNUSED_FUNCTION = YES;
				GCC_WARN_UNUSED_VARIABLE = YES;
				IPHONEOS_DEPLOYMENT_TARGET = 9.0;
				MTL_ENABLE_DEBUG_INFO = NO;
				SDKROOT = iphoneos;
				TARGETED_DEVICE_FAMILY = "1,2";
				VALIDATE_PRODUCT = YES;
			};
			name = Release;
		};
		3E55FA781B73456900902907 /* Debug */ = {
			isa = XCBuildConfiguration;
			buildSettings = {
				ASSETCATALOG_COMPILER_APPICON_NAME = AppIcon;
				INFOPLIST_FILE = Layout2UIViews/Info.plist;
				LD_RUNPATH_SEARCH_PATHS = "$(inherited) @executable_path/Frameworks";
				PRODUCT_BUNDLE_IDENTIFIER = net.hellohq.Layout2UIViews;
				PRODUCT_NAME = "$(TARGET_NAME)";
			};
			name = Debug;
		};
		3E55FA791B73456900902907 /* Release */ = {
			isa = XCBuildConfiguration;
			buildSettings = {
				ASSETCATALOG_COMPILER_APPICON_NAME = AppIcon;
				INFOPLIST_FILE = Layout2UIViews/Info.plist;
				LD_RUNPATH_SEARCH_PATHS = "$(inherited) @executable_path/Frameworks";
				PRODUCT_BUNDLE_IDENTIFIER = net.hellohq.Layout2UIViews;
				PRODUCT_NAME = "$(TARGET_NAME)";
			};
			name = Release;
		};
		3E55FA7B1B73456900902907 /* Debug */ = {
			isa = XCBuildConfiguration;
			buildSettings = {
				BUNDLE_LOADER = "$(TEST_HOST)";
				INFOPLIST_FILE = Layout2UIViewsTests/Info.plist;
				LD_RUNPATH_SEARCH_PATHS = "$(inherited) @executable_path/Frameworks @loader_path/Frameworks";
				PRODUCT_BUNDLE_IDENTIFIER = net.hellohq.Layout2UIViewsTests;
				PRODUCT_NAME = "$(TARGET_NAME)";
				TEST_HOST = "$(BUILT_PRODUCTS_DIR)/Layout2UIViews.app/Layout2UIViews";
			};
			name = Debug;
		};
		3E55FA7C1B73456900902907 /* Release */ = {
			isa = XCBuildConfiguration;
			buildSettings = {
				BUNDLE_LOADER = "$(TEST_HOST)";
				INFOPLIST_FILE = Layout2UIViewsTests/Info.plist;
				LD_RUNPATH_SEARCH_PATHS = "$(inherited) @executable_path/Frameworks @loader_path/Frameworks";
				PRODUCT_BUNDLE_IDENTIFIER = net.hellohq.Layout2UIViewsTests;
				PRODUCT_NAME = "$(TARGET_NAME)";
				TEST_HOST = "$(BUILT_PRODUCTS_DIR)/Layout2UIViews.app/Layout2UIViews";
			};
			name = Release;
		};
		3E55FA7E1B73456900902907 /* Debug */ = {
			isa = XCBuildConfiguration;
			buildSettings = {
				INFOPLIST_FILE = Layout2UIViewsUITests/Info.plist;
				LD_RUNPATH_SEARCH_PATHS = "$(inherited) @executable_path/Frameworks @loader_path/Frameworks";
				PRODUCT_BUNDLE_IDENTIFIER = net.hellohq.Layout2UIViewsUITests;
				PRODUCT_NAME = "$(TARGET_NAME)";
				TEST_TARGET_NAME = Layout2UIViews;
				USES_XCTRUNNER = YES;
			};
			name = Debug;
		};
		3E55FA7F1B73456900902907 /* Release */ = {
			isa = XCBuildConfiguration;
			buildSettings = {
				INFOPLIST_FILE = Layout2UIViewsUITests/Info.plist;
				LD_RUNPATH_SEARCH_PATHS = "$(inherited) @executable_path/Frameworks @loader_path/Frameworks";
				PRODUCT_BUNDLE_IDENTIFIER = net.hellohq.Layout2UIViewsUITests;
				PRODUCT_NAME = "$(TARGET_NAME)";
				TEST_TARGET_NAME = Layout2UIViews;
				USES_XCTRUNNER = YES;
			};
			name = Release;
		};
/* End XCBuildConfiguration section */

/* Begin XCConfigurationList section */
		3E55FA4A1B73456800902907 /* Build configuration list for PBXProject "Layout2UIViews" */ = {
			isa = XCConfigurationList;
			buildConfigurations = (
				3E55FA751B73456900902907 /* Debug */,
				3E55FA761B73456900902907 /* Release */,
			);
			defaultConfigurationIsVisible = 0;
			defaultConfigurationName = Release;
		};
		3E55FA771B73456900902907 /* Build configuration list for PBXNativeTarget "Layout2UIViews" */ = {
			isa = XCConfigurationList;
			buildConfigurations = (
				3E55FA781B73456900902907 /* Debug */,
				3E55FA791B73456900902907 /* Release */,
			);
			defaultConfigurationIsVisible = 0;
		};
		3E55FA7A1B73456900902907 /* Build configuration list for PBXNativeTarget "Layout2UIViewsTests" */ = {
			isa = XCConfigurationList;
			buildConfigurations = (
				3E55FA7B1B73456900902907 /* Debug */,
				3E55FA7C1B73456900902907 /* Release */,
			);
			defaultConfigurationIsVisible = 0;
		};
		3E55FA7D1B73456900902907 /* Build configuration list for PBXNativeTarget "Layout2UIViewsUITests" */ = {
			isa = XCConfigurationList;
			buildConfigurations = (
				3E55FA7E1B73456900902907 /* Debug */,
				3E55FA7F1B73456900902907 /* Release */,
			);
			defaultConfigurationIsVisible = 0;
		};
/* End XCConfigurationList section */
	};
	rootObject = 3E55FA471B73456800902907 /* Project object */;
}
